
Microsoft Visual Studio Solution File, Format Version 12.00
# Visual Studio 2013
VisualStudioVersion = 12.0.21005.1
MinimumVisualStudioVersion = 10.0.40219.1
Project("{FAE04EC0-301F-11D3-BF4B-00C04F79EFBC}") = "SampleApp", "SampleApp\SampleApp.csproj", "{4DD2FE88-AA1F-4409-81DA-5F7A7576EBC2}"
EndProject
Project("{FAE04EC0-301F-11D3-BF4B-00C04F79EFBC}") = "SampleAppWeb", "SampleAppWeb\SampleAppWeb.csproj", "{2F45AEB2-4D4D-43EB-8F2C-934D746D6BA9}"
EndProject
Global
	GlobalSection(TeamFoundationVersionControl) = preSolution
		SccNumberOfProjects = 3
		SccEnterpriseProvider = {4CA58AB2-18FA-4F8D-95D4-32DDF27D184C}
		SccTeamFoundationServer = https://jci.visualstudio.com/defaultcollection
		SccLocalPath0 = .
		SccProjectUniqueName1 = SampleApp\\SampleApp.csproj
		SccProjectName1 = SampleApp
		SccLocalPath1 = SampleApp
		SccProjectUniqueName2 = SampleAppWeb\\SampleAppWeb.csproj
		SccProjectName2 = SampleAppWeb
		SccLocalPath2 = SampleAppWeb
	EndGlobalSection
	GlobalSection(SolutionConfigurationPlatforms) = preSolution
		Debug|Any CPU = Debug|Any CPU
		Release|Any CPU = Release|Any CPU
	EndGlobalSection
	GlobalSection(ProjectConfigurationPlatforms) = postSolution
		{4DD2FE88-AA1F-4409-81DA-5F7A7576EBC2}.Debug|Any CPU.ActiveCfg = Debug|Any CPU
		{4DD2FE88-AA1F-4409-81DA-5F7A7576EBC2}.Debug|Any CPU.Build.0 = Debug|Any CPU
		{4DD2FE88-AA1F-4409-81DA-5F7A7576EBC2}.Debug|Any CPU.Deploy.0 = Debug|Any CPU
		{4DD2FE88-AA1F-4409-81DA-5F7A7576EBC2}.Release|Any CPU.ActiveCfg = Release|Any CPU
		{4DD2FE88-AA1F-4409-81DA-5F7A7576EBC2}.Release|Any CPU.Build.0 = Release|Any CPU
		{4DD2FE88-AA1F-4409-81DA-5F7A7576EBC2}.Release|Any CPU.Deploy.0 = Release|Any CPU
		{2F45AEB2-4D4D-43EB-8F2C-934D746D6BA9}.Debug|Any CPU.ActiveCfg = Debug|Any CPU
		{2F45AEB2-4D4D-43EB-8F2C-934D746D6BA9}.Debug|Any CPU.Build.0 = Debug|Any CPU
		{2F45AEB2-4D4D-43EB-8F2C-934D746D6BA9}.Release|Any CPU.ActiveCfg = Release|Any CPU
		{2F45AEB2-4D4D-43EB-8F2C-934D746D6BA9}.Release|Any CPU.Build.0 = Release|Any CPU
	EndGlobalSection
	GlobalSection(SolutionProperties) = preSolution
		HideSolutionNode = FALSE
	EndGlobalSection
EndGlobal
